
Microsoft Visual Studio Solution File, Format Version 12.00
# Visual Studio Version 17
VisualStudioVersion = 17.8.34309.116
MinimumVisualStudioVersion = 10.0.40219.1
Project("{FAE04EC0-301F-11D3-BF4B-00C04F79EFBC}") = "object", "object.csproj", "{986D8F55-462C-4D01-A47A-5650C9AA3D97}"
EndProject
Global
	GlobalSection(SolutionConfigurationPlatforms) = preSolution
		Debug|Any CPU = Debug|Any CPU
		Release|Any CPU = Release|Any CPU
	EndGlobalSection
	GlobalSection(ProjectConfigurationPlatforms) = postSolution
		{986D8F55-462C-4D01-A47A-5650C9AA3D97}.Debug|Any CPU.ActiveCfg = Debug|Any CPU
		{986D8F55-462C-4D01-A47A-5650C9AA3D97}.Debug|Any CPU.Build.0 = Debug|Any CPU
		{986D8F55-462C-4D01-A47A-5650C9AA3D97}.Release|Any CPU.ActiveCfg = Release|Any CPU
		{986D8F55-462C-4D01-A47A-5650C9AA3D97}.Release|Any CPU.Build.0 = Release|Any CPU
	EndGlobalSection
	GlobalSection(SolutionProperties) = preSolution
		HideSolutionNode = FALSE
	EndGlobalSection
	GlobalSection(ExtensibilityGlobals) = postSolution
		SolutionGuid = {D124FB1C-40A8-4EAC-AE91-1941E9FBA919}
	EndGlobalSection
EndGlobal
